
Microsoft Visual Studio Solution File, Format Version 12.00
# Visual Studio 15
VisualStudioVersion = 15.0.28307.168
MinimumVisualStudioVersion = 10.0.40219.1
Project("{8BC9CEB8-8B4A-11D0-8D11-00A0C91BC942}") = "DRC_project", "DRC_project\DRC_project.vcxproj", "{1F6369CC-4EF7-4308-B0AA-4E48B7C2BC91}"
EndProject
Global
	GlobalSection(SolutionConfigurationPlatforms) = preSolution
		Debug|x64 = Debug|x64
		Debug|x86 = Debug|x86
		Release|x64 = Release|x64
		Release|x86 = Release|x86
	EndGlobalSection
	GlobalSection(ProjectConfigurationPlatforms) = postSolution
		{1F6369CC-4EF7-4308-B0AA-4E48B7C2BC91}.Debug|x64.ActiveCfg = Debug|x64
		{1F6369CC-4EF7-4308-B0AA-4E48B7C2BC91}.Debug|x64.Build.0 = Debug|x64
		{1F6369CC-4EF7-4308-B0AA-4E48B7C2BC91}.Debug|x86.ActiveCfg = Debug|Win32
		{1F6369CC-4EF7-4308-B0AA-4E48B7C2BC91}.Debug|x86.Build.0 = Debug|Win32
		{1F6369CC-4EF7-4308-B0AA-4E48B7C2BC91}.Release|x64.ActiveCfg = Release|x64
		{1F6369CC-4EF7-4308-B0AA-4E48B7C2BC91}.Release|x64.Build.0 = Release|x64
		{1F6369CC-4EF7-4308-B0AA-4E48B7C2BC91}.Release|x86.ActiveCfg = Release|Win32
		{1F6369CC-4EF7-4308-B0AA-4E48B7C2BC91}.Release|x86.Build.0 = Release|Win32
	EndGlobalSection
	GlobalSection(SolutionProperties) = preSolution
		HideSolutionNode = FALSE
	EndGlobalSection
	GlobalSection(ExtensibilityGlobals) = postSolution
		SolutionGuid = {6C86C3B0-A80A-405C-82E1-167E788CE888}
	EndGlobalSection
EndGlobal
